
Microsoft Visual Studio Solution File, Format Version 12.00
# Visual Studio Version 17
VisualStudioVersion = 17.7.34221.43
MinimumVisualStudioVersion = 10.0.40219.1
Project("{FAE04EC0-301F-11D3-BF4B-00C04F79EFBC}") = "ConsoleApp01", "ConsoleApp1\ConsoleApp01.csproj", "{20B63CB5-4A54-436A-9A8F-655BF50B3694}"
EndProject
Project("{FAE04EC0-301F-11D3-BF4B-00C04F79EFBC}") = "ConsoleApp02", "ConsoleApp2\ConsoleApp02.csproj", "{2075D96B-235F-44E7-9FA3-F5B10A50B9CD}"
EndProject
Project("{FAE04EC0-301F-11D3-BF4B-00C04F79EFBC}") = "ConsoleApp03", "ConsoleApp3\ConsoleApp03.csproj", "{0107D135-7BC0-4035-907C-0B4C1CACC735}"
EndProject
Project("{FAE04EC0-301F-11D3-BF4B-00C04F79EFBC}") = "ConsoleApp04", "ConsoleApp4\ConsoleApp04.csproj", "{80B15F1F-9F11-4E7B-9F15-46FCF9C46132}"
EndProject
Project("{FAE04EC0-301F-11D3-BF4B-00C04F79EFBC}") = "ConsoleApp05", "ConsoleApp5\ConsoleApp05.csproj", "{612A84AD-52D1-48CE-9703-1E2BFDC26A28}"
EndProject
Project("{FAE04EC0-301F-11D3-BF4B-00C04F79EFBC}") = "ConsoleApp06", "ConsoleApp6\ConsoleApp06.csproj", "{30DCF6FC-7B6F-4D37-8E30-1FD5A90E20E4}"
EndProject
Project("{FAE04EC0-301F-11D3-BF4B-00C04F79EFBC}") = "Exo_ConsoleApp06", "ConsoleApp7_Exo1\Exo_ConsoleApp06.csproj", "{8783A760-12D5-4510-8CE8-B012F23CBBFA}"
EndProject
Project("{FAE04EC0-301F-11D3-BF4B-00C04F79EFBC}") = "ConsoleApp07", "ConsoleApp7\ConsoleApp07.csproj", "{3B2168E2-2A3E-4934-BE43-27E69AC16AEC}"
EndProject
Project("{FAE04EC0-301F-11D3-BF4B-00C04F79EFBC}") = "ConsoleApp08", "ConsoleApp8\ConsoleApp08.csproj", "{A51FFD31-419A-4B57-8934-87205B30D9DE}"
EndProject
Project("{FAE04EC0-301F-11D3-BF4B-00C04F79EFBC}") = "Exo_ConsoleApp08", "ConsoleApp9_Exo1\Exo_ConsoleApp08.csproj", "{EBEC6BD5-A579-4635-91EB-EF7BF259D003}"
EndProject
Project("{FAE04EC0-301F-11D3-BF4B-00C04F79EFBC}") = "ConsoleApp09", "ConsoleApp9\ConsoleApp09.csproj", "{F9338CE6-E14B-4EF4-BC72-01B21C161E76}"
EndProject
Project("{FAE04EC0-301F-11D3-BF4B-00C04F79EFBC}") = "ConsoleApp10", "ConsoleApp10\ConsoleApp10.csproj", "{8230666C-A2C9-4475-AC6B-A53E157762BE}"
EndProject
Project("{FAE04EC0-301F-11D3-BF4B-00C04F79EFBC}") = "ConsoleApp11", "ConsoleApp11\ConsoleApp11.csproj", "{89008CF4-DF8D-48DF-A1F7-B028D4A9792B}"
EndProject
Project("{FAE04EC0-301F-11D3-BF4B-00C04F79EFBC}") = "Exo_ConsoleApp11", "Exo_ConsoleApp11\Exo_ConsoleApp11.csproj", "{4F4B107B-0047-4313-84AE-EDB6F8598628}"
EndProject
Project("{FAE04EC0-301F-11D3-BF4B-00C04F79EFBC}") = "Exo_ConsoleApp11Bis", "ConsoleApp11Bis\Exo_ConsoleApp11Bis.csproj", "{3B0EFD98-8177-494E-8438-C09D7DF389A2}"
EndProject
Project("{2150E333-8FDC-42A3-9474-1A3956D46DE8}") = "Cours", "Cours", "{6DFCC7D6-332C-4EFD-A079-A857597BDB17}"
EndProject
Project("{2150E333-8FDC-42A3-9474-1A3956D46DE8}") = "Exercices", "Exercices", "{462E0295-56FE-4EF9-989C-62C0DEBEED4A}"
EndProject
Project("{FAE04EC0-301F-11D3-BF4B-00C04F79EFBC}") = "ConsoleApp12", "ConsoleApp12\ConsoleApp12.csproj", "{BD57954E-A316-429B-ACA0-E8DAFE5E7706}"
EndProject
Project("{FAE04EC0-301F-11D3-BF4B-00C04F79EFBC}") = "Exo_ConsoleApp12", "Exo_ConsoleApp12\Exo_ConsoleApp12.csproj", "{EB3FF5B2-2578-4C20-9983-619C0E126D78}"
EndProject
Project("{FAE04EC0-301F-11D3-BF4B-00C04F79EFBC}") = "Exo_ConsoleApp13", "Exo_ConsoleApp13\Exo_ConsoleApp13.csproj", "{9FC546D2-0299-476A-977A-68F838B24419}"
EndProject
Project("{FAE04EC0-301F-11D3-BF4B-00C04F79EFBC}") = "ConsoleApp13", "ConsoleApp13\ConsoleApp13.csproj", "{38308D34-710F-4CA0-8FFB-AF8635B5C39E}"
EndProject
Project("{FAE04EC0-301F-11D3-BF4B-00C04F79EFBC}") = "ConsoleApp14", "ConsoleApp14\ConsoleApp14.csproj", "{BA7B5D46-9AB9-4D66-B9A3-78A59A6B7E1D}"
EndProject
Project("{FAE04EC0-301F-11D3-BF4B-00C04F79EFBC}") = "ConsoleApp15", "ConsoleApp15\ConsoleApp15.csproj", "{8D240E02-FFA2-4B09-BE1A-770D93EE42AF}"
EndProject
Project("{FAE04EC0-301F-11D3-BF4B-00C04F79EFBC}") = "ConsoleApp15Bis", "ConsoleApp15Bis\ConsoleApp15Bis.csproj", "{87FA75E6-409F-4831-9A69-BC1AED13C107}"
EndProject
Project("{FAE04EC0-301F-11D3-BF4B-00C04F79EFBC}") = "ConsoleApp16", "ConsoleApp16\ConsoleApp16.csproj", "{D4DA0206-E6F1-4B4C-AA79-65FA9D2C6795}"
EndProject
Project("{FAE04EC0-301F-11D3-BF4B-00C04F79EFBC}") = "ConsoleApp17", "ConsoleApp17\ConsoleApp17.csproj", "{160D3963-BCD1-4B3D-92C5-F0C20125627A}"
EndProject
Project("{FAE04EC0-301F-11D3-BF4B-00C04F79EFBC}") = "Exo_ConsoleApp17", "Exo_ConsoleApp17\Exo_ConsoleApp17.csproj", "{3AF57C59-B00E-4B5B-BFA7-047FED0BF812}"
EndProject
Project("{FAE04EC0-301F-11D3-BF4B-00C04F79EFBC}") = "ConsoleApp18", "ConsoleApp18\ConsoleApp18.csproj", "{10D0D8BB-524F-4F2B-B327-13528F7F6E5B}"
EndProject
Project("{FAE04EC0-301F-11D3-BF4B-00C04F79EFBC}") = "ConsoleApp18Bis", "ConsoleApp18Bis\ConsoleApp18Bis.csproj", "{60EBDF62-F1F3-469D-B3B3-E7E7382222E4}"
EndProject
Project("{FAE04EC0-301F-11D3-BF4B-00C04F79EFBC}") = "ConsoleApp19", "ConsoleApp19\ConsoleApp19.csproj", "{FF9AA251-2155-450E-9EC3-4198F6CE3408}"
EndProject
Project("{FAE04EC0-301F-11D3-BF4B-00C04F79EFBC}") = "ConsoleApp20", "ConsoleApp20\ConsoleApp20.csproj", "{962974CE-7E22-4919-9AD9-697CF736A77D}"
EndProject
Global
	GlobalSection(SolutionConfigurationPlatforms) = preSolution
		Debug|Any CPU = Debug|Any CPU
		Release|Any CPU = Release|Any CPU
	EndGlobalSection
	GlobalSection(ProjectConfigurationPlatforms) = postSolution
		{20B63CB5-4A54-436A-9A8F-655BF50B3694}.Debug|Any CPU.ActiveCfg = Debug|Any CPU
		{20B63CB5-4A54-436A-9A8F-655BF50B3694}.Debug|Any CPU.Build.0 = Debug|Any CPU
		{20B63CB5-4A54-436A-9A8F-655BF50B3694}.Release|Any CPU.ActiveCfg = Release|Any CPU
		{20B63CB5-4A54-436A-9A8F-655BF50B3694}.Release|Any CPU.Build.0 = Release|Any CPU
		{2075D96B-235F-44E7-9FA3-F5B10A50B9CD}.Debug|Any CPU.ActiveCfg = Debug|Any CPU
		{2075D96B-235F-44E7-9FA3-F5B10A50B9CD}.Debug|Any CPU.Build.0 = Debug|Any CPU
		{2075D96B-235F-44E7-9FA3-F5B10A50B9CD}.Release|Any CPU.ActiveCfg = Release|Any CPU
		{2075D96B-235F-44E7-9FA3-F5B10A50B9CD}.Release|Any CPU.Build.0 = Release|Any CPU
		{0107D135-7BC0-4035-907C-0B4C1CACC735}.Debug|Any CPU.ActiveCfg = Debug|Any CPU
		{0107D135-7BC0-4035-907C-0B4C1CACC735}.Debug|Any CPU.Build.0 = Debug|Any CPU
		{0107D135-7BC0-4035-907C-0B4C1CACC735}.Release|Any CPU.ActiveCfg = Release|Any CPU
		{0107D135-7BC0-4035-907C-0B4C1CACC735}.Release|Any CPU.Build.0 = Release|Any CPU
		{80B15F1F-9F11-4E7B-9F15-46FCF9C46132}.Debug|Any CPU.ActiveCfg = Debug|Any CPU
		{80B15F1F-9F11-4E7B-9F15-46FCF9C46132}.Debug|Any CPU.Build.0 = Debug|Any CPU
		{80B15F1F-9F11-4E7B-9F15-46FCF9C46132}.Release|Any CPU.ActiveCfg = Release|Any CPU
		{80B15F1F-9F11-4E7B-9F15-46FCF9C46132}.Release|Any CPU.Build.0 = Release|Any CPU
		{612A84AD-52D1-48CE-9703-1E2BFDC26A28}.Debug|Any CPU.ActiveCfg = Debug|Any CPU
		{612A84AD-52D1-48CE-9703-1E2BFDC26A28}.Debug|Any CPU.Build.0 = Debug|Any CPU
		{612A84AD-52D1-48CE-9703-1E2BFDC26A28}.Release|Any CPU.ActiveCfg = Release|Any CPU
		{612A84AD-52D1-48CE-9703-1E2BFDC26A28}.Release|Any CPU.Build.0 = Release|Any CPU
		{30DCF6FC-7B6F-4D37-8E30-1FD5A90E20E4}.Debug|Any CPU.ActiveCfg = Debug|Any CPU
		{30DCF6FC-7B6F-4D37-8E30-1FD5A90E20E4}.Debug|Any CPU.Build.0 = Debug|Any CPU
		{30DCF6FC-7B6F-4D37-8E30-1FD5A90E20E4}.Release|Any CPU.ActiveCfg = Release|Any CPU
		{30DCF6FC-7B6F-4D37-8E30-1FD5A90E20E4}.Release|Any CPU.Build.0 = Release|Any CPU
		{8783A760-12D5-4510-8CE8-B012F23CBBFA}.Debug|Any CPU.ActiveCfg = Debug|Any CPU
		{8783A760-12D5-4510-8CE8-B012F23CBBFA}.Debug|Any CPU.Build.0 = Debug|Any CPU
		{8783A760-12D5-4510-8CE8-B012F23CBBFA}.Release|Any CPU.ActiveCfg = Release|Any CPU
		{8783A760-12D5-4510-8CE8-B012F23CBBFA}.Release|Any CPU.Build.0 = Release|Any CPU
		{3B2168E2-2A3E-4934-BE43-27E69AC16AEC}.Debug|Any CPU.ActiveCfg = Debug|Any CPU
		{3B2168E2-2A3E-4934-BE43-27E69AC16AEC}.Debug|Any CPU.Build.0 = Debug|Any CPU
		{3B2168E2-2A3E-4934-BE43-27E69AC16AEC}.Release|Any CPU.ActiveCfg = Release|Any CPU
		{3B2168E2-2A3E-4934-BE43-27E69AC16AEC}.Release|Any CPU.Build.0 = Release|Any CPU
		{A51FFD31-419A-4B57-8934-87205B30D9DE}.Debug|Any CPU.ActiveCfg = Debug|Any CPU
		{A51FFD31-419A-4B57-8934-87205B30D9DE}.Debug|Any CPU.Build.0 = Debug|Any CPU
		{A51FFD31-419A-4B57-8934-87205B30D9DE}.Release|Any CPU.ActiveCfg = Release|Any CPU
		{A51FFD31-419A-4B57-8934-87205B30D9DE}.Release|Any CPU.Build.0 = Release|Any CPU
		{EBEC6BD5-A579-4635-91EB-EF7BF259D003}.Debug|Any CPU.ActiveCfg = Debug|Any CPU
		{EBEC6BD5-A579-4635-91EB-EF7BF259D003}.Debug|Any CPU.Build.0 = Debug|Any CPU
		{EBEC6BD5-A579-4635-91EB-EF7BF259D003}.Release|Any CPU.ActiveCfg = Release|Any CPU
		{EBEC6BD5-A579-4635-91EB-EF7BF259D003}.Release|Any CPU.Build.0 = Release|Any CPU
		{F9338CE6-E14B-4EF4-BC72-01B21C161E76}.Debug|Any CPU.ActiveCfg = Debug|Any CPU
		{F9338CE6-E14B-4EF4-BC72-01B21C161E76}.Debug|Any CPU.Build.0 = Debug|Any CPU
		{F9338CE6-E14B-4EF4-BC72-01B21C161E76}.Release|Any CPU.ActiveCfg = Release|Any CPU
		{F9338CE6-E14B-4EF4-BC72-01B21C161E76}.Release|Any CPU.Build.0 = Release|Any CPU
		{8230666C-A2C9-4475-AC6B-A53E157762BE}.Debug|Any CPU.ActiveCfg = Debug|Any CPU
		{8230666C-A2C9-4475-AC6B-A53E157762BE}.Debug|Any CPU.Build.0 = Debug|Any CPU
		{8230666C-A2C9-4475-AC6B-A53E157762BE}.Release|Any CPU.ActiveCfg = Release|Any CPU
		{8230666C-A2C9-4475-AC6B-A53E157762BE}.Release|Any CPU.Build.0 = Release|Any CPU
		{89008CF4-DF8D-48DF-A1F7-B028D4A9792B}.Debug|Any CPU.ActiveCfg = Debug|Any CPU
		{89008CF4-DF8D-48DF-A1F7-B028D4A9792B}.Debug|Any CPU.Build.0 = Debug|Any CPU
		{89008CF4-DF8D-48DF-A1F7-B028D4A9792B}.Release|Any CPU.ActiveCfg = Release|Any CPU
		{89008CF4-DF8D-48DF-A1F7-B028D4A9792B}.Release|Any CPU.Build.0 = Release|Any CPU
		{4F4B107B-0047-4313-84AE-EDB6F8598628}.Debug|Any CPU.ActiveCfg = Debug|Any CPU
		{4F4B107B-0047-4313-84AE-EDB6F8598628}.Debug|Any CPU.Build.0 = Debug|Any CPU
		{4F4B107B-0047-4313-84AE-EDB6F8598628}.Release|Any CPU.ActiveCfg = Release|Any CPU
		{4F4B107B-0047-4313-84AE-EDB6F8598628}.Release|Any CPU.Build.0 = Release|Any CPU
		{3B0EFD98-8177-494E-8438-C09D7DF389A2}.Debug|Any CPU.ActiveCfg = Debug|Any CPU
		{3B0EFD98-8177-494E-8438-C09D7DF389A2}.Debug|Any CPU.Build.0 = Debug|Any CPU
		{3B0EFD98-8177-494E-8438-C09D7DF389A2}.Release|Any CPU.ActiveCfg = Release|Any CPU
		{3B0EFD98-8177-494E-8438-C09D7DF389A2}.Release|Any CPU.Build.0 = Release|Any CPU
		{BD57954E-A316-429B-ACA0-E8DAFE5E7706}.Debug|Any CPU.ActiveCfg = Debug|Any CPU
		{BD57954E-A316-429B-ACA0-E8DAFE5E7706}.Debug|Any CPU.Build.0 = Debug|Any CPU
		{BD57954E-A316-429B-ACA0-E8DAFE5E7706}.Release|Any CPU.ActiveCfg = Release|Any CPU
		{BD57954E-A316-429B-ACA0-E8DAFE5E7706}.Release|Any CPU.Build.0 = Release|Any CPU
		{EB3FF5B2-2578-4C20-9983-619C0E126D78}.Debug|Any CPU.ActiveCfg = Debug|Any CPU
		{EB3FF5B2-2578-4C20-9983-619C0E126D78}.Debug|Any CPU.Build.0 = Debug|Any CPU
		{EB3FF5B2-2578-4C20-9983-619C0E126D78}.Release|Any CPU.ActiveCfg = Release|Any CPU
		{EB3FF5B2-2578-4C20-9983-619C0E126D78}.Release|Any CPU.Build.0 = Release|Any CPU
		{9FC546D2-0299-476A-977A-68F838B24419}.Debug|Any CPU.ActiveCfg = Debug|Any CPU
		{9FC546D2-0299-476A-977A-68F838B24419}.Debug|Any CPU.Build.0 = Debug|Any CPU
		{9FC546D2-0299-476A-977A-68F838B24419}.Release|Any CPU.ActiveCfg = Release|Any CPU
		{9FC546D2-0299-476A-977A-68F838B24419}.Release|Any CPU.Build.0 = Release|Any CPU
		{38308D34-710F-4CA0-8FFB-AF8635B5C39E}.Debug|Any CPU.ActiveCfg = Debug|Any CPU
		{38308D34-710F-4CA0-8FFB-AF8635B5C39E}.Debug|Any CPU.Build.0 = Debug|Any CPU
		{38308D34-710F-4CA0-8FFB-AF8635B5C39E}.Release|Any CPU.ActiveCfg = Release|Any CPU
		{38308D34-710F-4CA0-8FFB-AF8635B5C39E}.Release|Any CPU.Build.0 = Release|Any CPU
		{BA7B5D46-9AB9-4D66-B9A3-78A59A6B7E1D}.Debug|Any CPU.ActiveCfg = Debug|Any CPU
		{BA7B5D46-9AB9-4D66-B9A3-78A59A6B7E1D}.Debug|Any CPU.Build.0 = Debug|Any CPU
		{BA7B5D46-9AB9-4D66-B9A3-78A59A6B7E1D}.Release|Any CPU.ActiveCfg = Release|Any CPU
		{BA7B5D46-9AB9-4D66-B9A3-78A59A6B7E1D}.Release|Any CPU.Build.0 = Release|Any CPU
		{8D240E02-FFA2-4B09-BE1A-770D93EE42AF}.Debug|Any CPU.ActiveCfg = Debug|Any CPU
		{8D240E02-FFA2-4B09-BE1A-770D93EE42AF}.Debug|Any CPU.Build.0 = Debug|Any CPU
		{8D240E02-FFA2-4B09-BE1A-770D93EE42AF}.Release|Any CPU.ActiveCfg = Release|Any CPU
		{8D240E02-FFA2-4B09-BE1A-770D93EE42AF}.Release|Any CPU.Build.0 = Release|Any CPU
		{87FA75E6-409F-4831-9A69-BC1AED13C107}.Debug|Any CPU.ActiveCfg = Debug|Any CPU
		{87FA75E6-409F-4831-9A69-BC1AED13C107}.Debug|Any CPU.Build.0 = Debug|Any CPU
		{87FA75E6-409F-4831-9A69-BC1AED13C107}.Release|Any CPU.ActiveCfg = Release|Any CPU
		{87FA75E6-409F-4831-9A69-BC1AED13C107}.Release|Any CPU.Build.0 = Release|Any CPU
		{D4DA0206-E6F1-4B4C-AA79-65FA9D2C6795}.Debug|Any CPU.ActiveCfg = Debug|Any CPU
		{D4DA0206-E6F1-4B4C-AA79-65FA9D2C6795}.Debug|Any CPU.Build.0 = Debug|Any CPU
		{D4DA0206-E6F1-4B4C-AA79-65FA9D2C6795}.Release|Any CPU.ActiveCfg = Release|Any CPU
		{D4DA0206-E6F1-4B4C-AA79-65FA9D2C6795}.Release|Any CPU.Build.0 = Release|Any CPU
		{160D3963-BCD1-4B3D-92C5-F0C20125627A}.Debug|Any CPU.ActiveCfg = Debug|Any CPU
		{160D3963-BCD1-4B3D-92C5-F0C20125627A}.Debug|Any CPU.Build.0 = Debug|Any CPU
		{160D3963-BCD1-4B3D-92C5-F0C20125627A}.Release|Any CPU.ActiveCfg = Release|Any CPU
		{160D3963-BCD1-4B3D-92C5-F0C20125627A}.Release|Any CPU.Build.0 = Release|Any CPU
		{3AF57C59-B00E-4B5B-BFA7-047FED0BF812}.Debug|Any CPU.ActiveCfg = Debug|Any CPU
		{3AF57C59-B00E-4B5B-BFA7-047FED0BF812}.Debug|Any CPU.Build.0 = Debug|Any CPU
		{3AF57C59-B00E-4B5B-BFA7-047FED0BF812}.Release|Any CPU.ActiveCfg = Release|Any CPU
		{3AF57C59-B00E-4B5B-BFA7-047FED0BF812}.Release|Any CPU.Build.0 = Release|Any CPU
		{10D0D8BB-524F-4F2B-B327-13528F7F6E5B}.Debug|Any CPU.ActiveCfg = Debug|Any CPU
		{10D0D8BB-524F-4F2B-B327-13528F7F6E5B}.Debug|Any CPU.Build.0 = Debug|Any CPU
		{10D0D8BB-524F-4F2B-B327-13528F7F6E5B}.Release|Any CPU.ActiveCfg = Release|Any CPU
		{10D0D8BB-524F-4F2B-B327-13528F7F6E5B}.Release|Any CPU.Build.0 = Release|Any CPU
		{60EBDF62-F1F3-469D-B3B3-E7E7382222E4}.Debug|Any CPU.ActiveCfg = Debug|Any CPU
		{60EBDF62-F1F3-469D-B3B3-E7E7382222E4}.Debug|Any CPU.Build.0 = Debug|Any CPU
		{60EBDF62-F1F3-469D-B3B3-E7E7382222E4}.Release|Any CPU.ActiveCfg = Release|Any CPU
		{60EBDF62-F1F3-469D-B3B3-E7E7382222E4}.Release|Any CPU.Build.0 = Release|Any CPU
		{FF9AA251-2155-450E-9EC3-4198F6CE3408}.Debug|Any CPU.ActiveCfg = Debug|Any CPU
		{FF9AA251-2155-450E-9EC3-4198F6CE3408}.Debug|Any CPU.Build.0 = Debug|Any CPU
		{FF9AA251-2155-450E-9EC3-4198F6CE3408}.Release|Any CPU.ActiveCfg = Release|Any CPU
		{FF9AA251-2155-450E-9EC3-4198F6CE3408}.Release|Any CPU.Build.0 = Release|Any CPU
		{962974CE-7E22-4919-9AD9-697CF736A77D}.Debug|Any CPU.ActiveCfg = Debug|Any CPU
		{962974CE-7E22-4919-9AD9-697CF736A77D}.Debug|Any CPU.Build.0 = Debug|Any CPU
		{962974CE-7E22-4919-9AD9-697CF736A77D}.Release|Any CPU.ActiveCfg = Release|Any CPU
		{962974CE-7E22-4919-9AD9-697CF736A77D}.Release|Any CPU.Build.0 = Release|Any CPU
	EndGlobalSection
	GlobalSection(SolutionProperties) = preSolution
		HideSolutionNode = FALSE
	EndGlobalSection
	GlobalSection(NestedProjects) = preSolution
		{20B63CB5-4A54-436A-9A8F-655BF50B3694} = {6DFCC7D6-332C-4EFD-A079-A857597BDB17}
		{2075D96B-235F-44E7-9FA3-F5B10A50B9CD} = {6DFCC7D6-332C-4EFD-A079-A857597BDB17}
		{0107D135-7BC0-4035-907C-0B4C1CACC735} = {6DFCC7D6-332C-4EFD-A079-A857597BDB17}
		{80B15F1F-9F11-4E7B-9F15-46FCF9C46132} = {6DFCC7D6-332C-4EFD-A079-A857597BDB17}
		{612A84AD-52D1-48CE-9703-1E2BFDC26A28} = {6DFCC7D6-332C-4EFD-A079-A857597BDB17}
		{30DCF6FC-7B6F-4D37-8E30-1FD5A90E20E4} = {6DFCC7D6-332C-4EFD-A079-A857597BDB17}
		{8783A760-12D5-4510-8CE8-B012F23CBBFA} = {462E0295-56FE-4EF9-989C-62C0DEBEED4A}
		{3B2168E2-2A3E-4934-BE43-27E69AC16AEC} = {6DFCC7D6-332C-4EFD-A079-A857597BDB17}
		{A51FFD31-419A-4B57-8934-87205B30D9DE} = {6DFCC7D6-332C-4EFD-A079-A857597BDB17}
		{EBEC6BD5-A579-4635-91EB-EF7BF259D003} = {462E0295-56FE-4EF9-989C-62C0DEBEED4A}
		{F9338CE6-E14B-4EF4-BC72-01B21C161E76} = {6DFCC7D6-332C-4EFD-A079-A857597BDB17}
		{8230666C-A2C9-4475-AC6B-A53E157762BE} = {6DFCC7D6-332C-4EFD-A079-A857597BDB17}
		{89008CF4-DF8D-48DF-A1F7-B028D4A9792B} = {6DFCC7D6-332C-4EFD-A079-A857597BDB17}
		{4F4B107B-0047-4313-84AE-EDB6F8598628} = {462E0295-56FE-4EF9-989C-62C0DEBEED4A}
		{3B0EFD98-8177-494E-8438-C09D7DF389A2} = {462E0295-56FE-4EF9-989C-62C0DEBEED4A}
		{BD57954E-A316-429B-ACA0-E8DAFE5E7706} = {6DFCC7D6-332C-4EFD-A079-A857597BDB17}
		{EB3FF5B2-2578-4C20-9983-619C0E126D78} = {462E0295-56FE-4EF9-989C-62C0DEBEED4A}
		{9FC546D2-0299-476A-977A-68F838B24419} = {462E0295-56FE-4EF9-989C-62C0DEBEED4A}
		{38308D34-710F-4CA0-8FFB-AF8635B5C39E} = {6DFCC7D6-332C-4EFD-A079-A857597BDB17}
		{BA7B5D46-9AB9-4D66-B9A3-78A59A6B7E1D} = {6DFCC7D6-332C-4EFD-A079-A857597BDB17}
		{8D240E02-FFA2-4B09-BE1A-770D93EE42AF} = {6DFCC7D6-332C-4EFD-A079-A857597BDB17}
		{87FA75E6-409F-4831-9A69-BC1AED13C107} = {6DFCC7D6-332C-4EFD-A079-A857597BDB17}
		{D4DA0206-E6F1-4B4C-AA79-65FA9D2C6795} = {6DFCC7D6-332C-4EFD-A079-A857597BDB17}
		{160D3963-BCD1-4B3D-92C5-F0C20125627A} = {6DFCC7D6-332C-4EFD-A079-A857597BDB17}
		{3AF57C59-B00E-4B5B-BFA7-047FED0BF812} = {462E0295-56FE-4EF9-989C-62C0DEBEED4A}
		{10D0D8BB-524F-4F2B-B327-13528F7F6E5B} = {6DFCC7D6-332C-4EFD-A079-A857597BDB17}
		{60EBDF62-F1F3-469D-B3B3-E7E7382222E4} = {6DFCC7D6-332C-4EFD-A079-A857597BDB17}
		{FF9AA251-2155-450E-9EC3-4198F6CE3408} = {6DFCC7D6-332C-4EFD-A079-A857597BDB17}
		{962974CE-7E22-4919-9AD9-697CF736A77D} = {6DFCC7D6-332C-4EFD-A079-A857597BDB17}
	EndGlobalSection
	GlobalSection(ExtensibilityGlobals) = postSolution
		SolutionGuid = {6EC78848-7020-4000-AA44-F5B09CDEDD21}
	EndGlobalSection
EndGlobal
