
Microsoft Visual Studio Solution File, Format Version 12.00
# Visual Studio Version 17
VisualStudioVersion = 17.7.34221.43
MinimumVisualStudioVersion = 10.0.40219.1
Project("{FAE04EC0-301F-11D3-BF4B-00C04F79EFBC}") = "ConsoleApp1", "ConsoleApp1\ConsoleApp1.csproj", "{20B63CB5-4A54-436A-9A8F-655BF50B3694}"
EndProject
Project("{FAE04EC0-301F-11D3-BF4B-00C04F79EFBC}") = "ConsoleApp2", "ConsoleApp2\ConsoleApp2.csproj", "{2075D96B-235F-44E7-9FA3-F5B10A50B9CD}"
EndProject
Project("{FAE04EC0-301F-11D3-BF4B-00C04F79EFBC}") = "ConsoleApp3", "ConsoleApp3\ConsoleApp3.csproj", "{0107D135-7BC0-4035-907C-0B4C1CACC735}"
EndProject
Project("{FAE04EC0-301F-11D3-BF4B-00C04F79EFBC}") = "ConsoleApp4", "ConsoleApp4\ConsoleApp4.csproj", "{80B15F1F-9F11-4E7B-9F15-46FCF9C46132}"
EndProject
Project("{FAE04EC0-301F-11D3-BF4B-00C04F79EFBC}") = "ConsoleApp5", "ConsoleApp5\ConsoleApp5.csproj", "{612A84AD-52D1-48CE-9703-1E2BFDC26A28}"
EndProject
Project("{FAE04EC0-301F-11D3-BF4B-00C04F79EFBC}") = "ConsoleApp6", "ConsoleApp6\ConsoleApp6.csproj", "{30DCF6FC-7B6F-4D37-8E30-1FD5A90E20E4}"
EndProject
Project("{FAE04EC0-301F-11D3-BF4B-00C04F79EFBC}") = "ConsoleApp7_Exo1", "ConsoleApp7_Exo1\ConsoleApp7_Exo1.csproj", "{8783A760-12D5-4510-8CE8-B012F23CBBFA}"
EndProject
Project("{FAE04EC0-301F-11D3-BF4B-00C04F79EFBC}") = "ConsoleApp7", "ConsoleApp7\ConsoleApp7.csproj", "{3B2168E2-2A3E-4934-BE43-27E69AC16AEC}"
EndProject
Global
	GlobalSection(SolutionConfigurationPlatforms) = preSolution
		Debug|Any CPU = Debug|Any CPU
		Release|Any CPU = Release|Any CPU
	EndGlobalSection
	GlobalSection(ProjectConfigurationPlatforms) = postSolution
		{20B63CB5-4A54-436A-9A8F-655BF50B3694}.Debug|Any CPU.ActiveCfg = Debug|Any CPU
		{20B63CB5-4A54-436A-9A8F-655BF50B3694}.Debug|Any CPU.Build.0 = Debug|Any CPU
		{20B63CB5-4A54-436A-9A8F-655BF50B3694}.Release|Any CPU.ActiveCfg = Release|Any CPU
		{20B63CB5-4A54-436A-9A8F-655BF50B3694}.Release|Any CPU.Build.0 = Release|Any CPU
		{2075D96B-235F-44E7-9FA3-F5B10A50B9CD}.Debug|Any CPU.ActiveCfg = Debug|Any CPU
		{2075D96B-235F-44E7-9FA3-F5B10A50B9CD}.Debug|Any CPU.Build.0 = Debug|Any CPU
		{2075D96B-235F-44E7-9FA3-F5B10A50B9CD}.Release|Any CPU.ActiveCfg = Release|Any CPU
		{2075D96B-235F-44E7-9FA3-F5B10A50B9CD}.Release|Any CPU.Build.0 = Release|Any CPU
		{0107D135-7BC0-4035-907C-0B4C1CACC735}.Debug|Any CPU.ActiveCfg = Debug|Any CPU
		{0107D135-7BC0-4035-907C-0B4C1CACC735}.Debug|Any CPU.Build.0 = Debug|Any CPU
		{0107D135-7BC0-4035-907C-0B4C1CACC735}.Release|Any CPU.ActiveCfg = Release|Any CPU
		{0107D135-7BC0-4035-907C-0B4C1CACC735}.Release|Any CPU.Build.0 = Release|Any CPU
		{80B15F1F-9F11-4E7B-9F15-46FCF9C46132}.Debug|Any CPU.ActiveCfg = Debug|Any CPU
		{80B15F1F-9F11-4E7B-9F15-46FCF9C46132}.Debug|Any CPU.Build.0 = Debug|Any CPU
		{80B15F1F-9F11-4E7B-9F15-46FCF9C46132}.Release|Any CPU.ActiveCfg = Release|Any CPU
		{80B15F1F-9F11-4E7B-9F15-46FCF9C46132}.Release|Any CPU.Build.0 = Release|Any CPU
		{612A84AD-52D1-48CE-9703-1E2BFDC26A28}.Debug|Any CPU.ActiveCfg = Debug|Any CPU
		{612A84AD-52D1-48CE-9703-1E2BFDC26A28}.Debug|Any CPU.Build.0 = Debug|Any CPU
		{612A84AD-52D1-48CE-9703-1E2BFDC26A28}.Release|Any CPU.ActiveCfg = Release|Any CPU
		{612A84AD-52D1-48CE-9703-1E2BFDC26A28}.Release|Any CPU.Build.0 = Release|Any CPU
		{30DCF6FC-7B6F-4D37-8E30-1FD5A90E20E4}.Debug|Any CPU.ActiveCfg = Debug|Any CPU
		{30DCF6FC-7B6F-4D37-8E30-1FD5A90E20E4}.Debug|Any CPU.Build.0 = Debug|Any CPU
		{30DCF6FC-7B6F-4D37-8E30-1FD5A90E20E4}.Release|Any CPU.ActiveCfg = Release|Any CPU
		{30DCF6FC-7B6F-4D37-8E30-1FD5A90E20E4}.Release|Any CPU.Build.0 = Release|Any CPU
		{8783A760-12D5-4510-8CE8-B012F23CBBFA}.Debug|Any CPU.ActiveCfg = Debug|Any CPU
		{8783A760-12D5-4510-8CE8-B012F23CBBFA}.Debug|Any CPU.Build.0 = Debug|Any CPU
		{8783A760-12D5-4510-8CE8-B012F23CBBFA}.Release|Any CPU.ActiveCfg = Release|Any CPU
		{8783A760-12D5-4510-8CE8-B012F23CBBFA}.Release|Any CPU.Build.0 = Release|Any CPU
		{3B2168E2-2A3E-4934-BE43-27E69AC16AEC}.Debug|Any CPU.ActiveCfg = Debug|Any CPU
		{3B2168E2-2A3E-4934-BE43-27E69AC16AEC}.Debug|Any CPU.Build.0 = Debug|Any CPU
		{3B2168E2-2A3E-4934-BE43-27E69AC16AEC}.Release|Any CPU.ActiveCfg = Release|Any CPU
		{3B2168E2-2A3E-4934-BE43-27E69AC16AEC}.Release|Any CPU.Build.0 = Release|Any CPU
	EndGlobalSection
	GlobalSection(SolutionProperties) = preSolution
		HideSolutionNode = FALSE
	EndGlobalSection
	GlobalSection(ExtensibilityGlobals) = postSolution
		SolutionGuid = {6EC78848-7020-4000-AA44-F5B09CDEDD21}
	EndGlobalSection
EndGlobal
